
Microsoft Visual Studio Solution File, Format Version 12.00
Project("{FAE04EC0-301F-11D3-BF4B-00C04F79EFBC}") = "ProjectEulerWebApp-Backend", "ProjectEulerWebApp-Backend\ProjectEulerWebApp-Backend.csproj", "{6A1D15E0-DB2F-4CC4-A695-8C27DDC46CAD}"
EndProject
Project("{FAE04EC0-301F-11D3-BF4B-00C04F79EFBC}") = "ProjectEulerWebApp-Tests", "ProjectEulerWebApp-Tests\ProjectEulerWebApp-Tests.csproj", "{8F51D976-3646-4ADD-BF93-23455FD7A4AA}"
EndProject
Global
	GlobalSection(SolutionConfigurationPlatforms) = preSolution
		Debug|Any CPU = Debug|Any CPU
		Release|Any CPU = Release|Any CPU
	EndGlobalSection
	GlobalSection(ProjectConfigurationPlatforms) = postSolution
		{6A1D15E0-DB2F-4CC4-A695-8C27DDC46CAD}.Debug|Any CPU.ActiveCfg = Debug|Any CPU
		{6A1D15E0-DB2F-4CC4-A695-8C27DDC46CAD}.Debug|Any CPU.Build.0 = Debug|Any CPU
		{6A1D15E0-DB2F-4CC4-A695-8C27DDC46CAD}.Release|Any CPU.ActiveCfg = Release|Any CPU
		{6A1D15E0-DB2F-4CC4-A695-8C27DDC46CAD}.Release|Any CPU.Build.0 = Release|Any CPU
		{8F51D976-3646-4ADD-BF93-23455FD7A4AA}.Debug|Any CPU.ActiveCfg = Debug|Any CPU
		{8F51D976-3646-4ADD-BF93-23455FD7A4AA}.Debug|Any CPU.Build.0 = Debug|Any CPU
		{8F51D976-3646-4ADD-BF93-23455FD7A4AA}.Release|Any CPU.ActiveCfg = Release|Any CPU
		{8F51D976-3646-4ADD-BF93-23455FD7A4AA}.Release|Any CPU.Build.0 = Release|Any CPU
	EndGlobalSection
EndGlobal
